
Microsoft Visual Studio Solution File, Format Version 12.00
# Visual Studio Version 17
VisualStudioVersion = 17.14.36518.9 d17.14
MinimumVisualStudioVersion = 10.0.40219.1
Project("{FAE04EC0-301F-11D3-BF4B-00C04F79EFBC}") = "Calculator", "Calculator\Calculator.csproj", "{A9A6A91A-C379-4FF1-B916-3BE61317C000}"
EndProject
Global
	GlobalSection(SolutionConfigurationPlatforms) = preSolution
		Debug|Any CPU = Debug|Any CPU
		Release|Any CPU = Release|Any CPU
	EndGlobalSection
	GlobalSection(ProjectConfigurationPlatforms) = postSolution
		{A9A6A91A-C379-4FF1-B916-3BE61317C000}.Debug|Any CPU.ActiveCfg = Debug|Any CPU
		{A9A6A91A-C379-4FF1-B916-3BE61317C000}.Debug|Any CPU.Build.0 = Debug|Any CPU
		{A9A6A91A-C379-4FF1-B916-3BE61317C000}.Release|Any CPU.ActiveCfg = Release|Any CPU
		{A9A6A91A-C379-4FF1-B916-3BE61317C000}.Release|Any CPU.Build.0 = Release|Any CPU
	EndGlobalSection
	GlobalSection(SolutionProperties) = preSolution
		HideSolutionNode = FALSE
	EndGlobalSection
	GlobalSection(ExtensibilityGlobals) = postSolution
		SolutionGuid = {144DC7E5-4C02-4C49-959F-906C9935A155}
	EndGlobalSection
EndGlobal
